github.com/LeonSideln1kov/viper v0.0.0-20250527201133-7f0da07e0f9f h1:Pv+xDYGdfer0vsCCMUwYkGIk2PrtVW2/L9DRAJnj5a8=
github.com/LeonSideln1kov/viper v0.0.0-20250527201133-7f0da07e0f9f/go.mod h1:nXezo5XHDsP9i730RRlTmnsHsNhbwRrlexTyJ1HjssU=
github.com/Masterminds/semver/v3 v3.3.1 h1:QtNSWtVZ3nBfk8mAOu/B6v7FMJ+NHTIgUPi7rj+4nv4=
github.com/Masterminds/semver/v3 v3.3.1/go.mod h1:4V+yj/TJE1HU9XfppCwVMZq3I84lprf4nC11bSS5beM=
github.com/pelletier/go-toml/v2 v2.2.4 h1:mye9XuhQ6gvn5h28+VilKrrPoQVanw5PMw/TB0t5Ec4=
github.com/pelletier/go-toml/v2 v2.2.4/go.mod h1:2gIqNv+qfxSVS7cM2xJQKtLSTLUE9V8t9Stt+h56mCY=
